{
  "name": "bedu_f03m02s03",
  "version": "1.0.0",
  "lockfileVersion": 2,
  "requires": true,
  "packages": {
    "": {
      "name": "bedu_f03m02s03",
      "version": "1.0.0",
      "license": "ISC",
      "dependencies": {
        "prime-functions": "^1.2.2"
      },
      "devDependencies": {}
    },
    "node_modules/prime-functions": {
      "version": "1.2.2",
      "resolved": "https://registry.npmjs.org/prime-functions/-/prime-functions-1.2.2.tgz",
      "integrity": "sha512-yJPyNdwnLUyTPx8u7J1F5KzcqkMUES/MPnXTk2Y04hIXXgIBu5Lxv7VKZD2lPcNqa3OOg/h878QSwp7Az/MZ8Q=="
    }
  },
  "dependencies": {
    "prime-functions": {
      "version": "1.2.2",
      "resolved": "https://registry.npmjs.org/prime-functions/-/prime-functions-1.2.2.tgz",
      "integrity": "sha512-yJPyNdwnLUyTPx8u7J1F5KzcqkMUES/MPnXTk2Y04hIXXgIBu5Lxv7VKZD2lPcNqa3OOg/h878QSwp7Az/MZ8Q=="
    }
  }
}
